
Microsoft Visual Studio Solution File, Format Version 12.00
# Visual Studio Version 17
VisualStudioVersion = 17.3.32922.545
MinimumVisualStudioVersion = 10.0.40219.1
Project("{FAE04EC0-301F-11D3-BF4B-00C04F79EFBC}") = "CSVQueryCSharp", "src\CSVQueryCSharp\CSVQueryCSharp.csproj", "{A6454157-AB83-4EAF-8E47-0B25A70DB417}"
EndProject
Project("{FAE04EC0-301F-11D3-BF4B-00C04F79EFBC}") = "CSVQueryCSharp.Test", "test\CSVQueryCSharp.Test\CSVQueryCSharp.Test.csproj", "{A643A2E6-12CB-4490-8213-C2A23452E5F1}"
EndProject
Global
	GlobalSection(SolutionConfigurationPlatforms) = preSolution
		Debug|Any CPU = Debug|Any CPU
		Release|Any CPU = Release|Any CPU
	EndGlobalSection
	GlobalSection(ProjectConfigurationPlatforms) = postSolution
		{A6454157-AB83-4EAF-8E47-0B25A70DB417}.Debug|Any CPU.ActiveCfg = Debug|Any CPU
		{A6454157-AB83-4EAF-8E47-0B25A70DB417}.Debug|Any CPU.Build.0 = Debug|Any CPU
		{A6454157-AB83-4EAF-8E47-0B25A70DB417}.Release|Any CPU.ActiveCfg = Release|Any CPU
		{A6454157-AB83-4EAF-8E47-0B25A70DB417}.Release|Any CPU.Build.0 = Release|Any CPU
		{A643A2E6-12CB-4490-8213-C2A23452E5F1}.Debug|Any CPU.ActiveCfg = Debug|Any CPU
		{A643A2E6-12CB-4490-8213-C2A23452E5F1}.Debug|Any CPU.Build.0 = Debug|Any CPU
		{A643A2E6-12CB-4490-8213-C2A23452E5F1}.Release|Any CPU.ActiveCfg = Release|Any CPU
		{A643A2E6-12CB-4490-8213-C2A23452E5F1}.Release|Any CPU.Build.0 = Release|Any CPU
	EndGlobalSection
	GlobalSection(SolutionProperties) = preSolution
		HideSolutionNode = FALSE
	EndGlobalSection
	GlobalSection(ExtensibilityGlobals) = postSolution
		SolutionGuid = {E71ABFAB-4B6E-43DC-8B8F-6E05CE21D7A3}
	EndGlobalSection
EndGlobal
